
Microsoft Visual Studio Solution File, Format Version 12.00
# Visual Studio Version 16
VisualStudioVersion = 16.0.30204.135
MinimumVisualStudioVersion = 10.0.40219.1
Project("{FAE04EC0-301F-11D3-BF4B-00C04F79EFBC}") = "ExpenseIT", "ExpenseIT.csproj", "{8D1F5A7D-3456-4F95-B9F6-F23046EE3542}"
EndProject
Global
	GlobalSection(SolutionConfigurationPlatforms) = preSolution
		Debug|Any CPU = Debug|Any CPU
		Release|Any CPU = Release|Any CPU
	EndGlobalSection
	GlobalSection(ProjectConfigurationPlatforms) = postSolution
		{8D1F5A7D-3456-4F95-B9F6-F23046EE3542}.Debug|Any CPU.ActiveCfg = Debug|Any CPU
		{8D1F5A7D-3456-4F95-B9F6-F23046EE3542}.Debug|Any CPU.Build.0 = Debug|Any CPU
		{8D1F5A7D-3456-4F95-B9F6-F23046EE3542}.Release|Any CPU.ActiveCfg = Release|Any CPU
		{8D1F5A7D-3456-4F95-B9F6-F23046EE3542}.Release|Any CPU.Build.0 = Release|Any CPU
	EndGlobalSection
	GlobalSection(SolutionProperties) = preSolution
		HideSolutionNode = FALSE
	EndGlobalSection
	GlobalSection(ExtensibilityGlobals) = postSolution
		SolutionGuid = {AC607BCF-0479-4EA0-A3FC-D9D35DCC2F45}
	EndGlobalSection
EndGlobal
